PODS:
  - RSKGrowingTextView (5.0.2):
    - RSKPlaceholderTextView (= 5.0.2)
  - RSKPlaceholderTextView (5.0.2)
  - WebViewConsole (0.3)
  - WebViewConsoleView (0.3):
    - RSKGrowingTextView
    - WebViewConsole

DEPENDENCIES:
  - WebViewConsole (from `../`)
  - WebViewConsoleView (from `../`)

SPEC REPOS:
  trunk:
    - RSKGrowingTextView
    - RSKPlaceholderTextView

EXTERNAL SOURCES:
  WebViewConsole:
    :path: "../"
  WebViewConsoleView:
    :path: "../"

SPEC CHECKSUMS:
  RSKGrowingTextView: 9fdc68c8dabaacd54e23c316ff14b73aef034594
  RSKPlaceholderTextView: df72ca93edfac185b98f51cb85e445f54ce8a163
  WebViewConsole: fe5b844ac912e2ad62f87c46a4bd0481455a9fd5
  WebViewConsoleView: b86385e4f076fe8a0b60fc1b0720cebc1377aab7

PODFILE CHECKSUM: 6295d0207797892cccd61732e66c5d2cffd33817

COCOAPODS: 1.11.3
